<?xml version="1.0" encoding="utf-8"?>
<Project ToolsVersion="4.0" xmlns="http://schemas.microsoft.com/developer/msbuild/2003">
  <ItemGroup>
    <Filter Include="Source files">
      <UniqueIdentifier>{06471004-ac81-40f1-b774-c27173755e9a}</UniqueIdentifier>
      <Extensions>cpp;c;cc;cxx;def;odl;idl;hpj;bat;asm;asmx</Extensions>
    </Filter>
    <Filter Include="Make files">
      <UniqueIdentifier>{86f9dbc0-30db-4864-b581-46b85c9a17e2}</UniqueIdentifier>
      <Extensions>*.mak</Extensions>
    </Filter>
    <Filter Include="Source files\Base">
      <UniqueIdentifier>{f45caa1e-58b3-49d3-b300-a4ad555e3ea7}</UniqueIdentifier>
    </Filter>
    <Filter Include="Source files\Detectors">
      <UniqueIdentifier>{c2b76c5f-6f32-4366-84dc-b2b5018a7373}</UniqueIdentifier>
    </Filter>
    <Filter Include="Source files\Drivers">
      <UniqueIdentifier>{47103a01-8ab9-46dd-a076-46d0725f7b18}</UniqueIdentifier>
    </Filter>
    <Filter Include="Source files\BlockDetection">
      <UniqueIdentifier>{9ac01e6a-1752-4bfe-8d63-4da21e04fb23}</UniqueIdentifier>
    </Filter>
  </ItemGroup>
  <ItemGroup>
    <None Include="Makefile" />
    <None Include="debug.mak">
      <Filter>Make files</Filter>
    </None>
    <None Include="release.mak">
      <Filter>Make files</Filter>
    </None>
  </ItemGroup>
  <ItemGroup>
    <ClCompile Include="OccupancyLibrary.cpp">
      <Filter>Source files\Base</Filter>
    </ClCompile>
    <ClCompile Include="ADCPI.cpp">
      <Filter>Source files\Drivers</Filter>
    </ClCompile>
    <ClCompile Include="Block.cpp">
      <Filter>Source files\BlockDetection</Filter>
    </ClCompile>
    <ClCompile Include="OpticalDetector.cpp">
      <Filter>Source files\Detectors</Filter>
    </ClCompile>
    <ClCompile Include="BlockManager.cpp">
      <Filter>Source files\BlockDetection</Filter>
    </ClCompile>
    <ClCompile Include="BlockHelper.cpp">
      <Filter>Source files\BlockDetection</Filter>
    </ClCompile>
  </ItemGroup>
  <ItemGroup>
    <ClInclude Include="OccupancyLibrary.h">
      <Filter>Source files\Base</Filter>
    </ClInclude>
    <ClInclude Include="ADCPI.h">
      <Filter>Source files\Drivers</Filter>
    </ClInclude>
    <ClInclude Include="Block.h">
      <Filter>Source files\BlockDetection</Filter>
    </ClInclude>
    <ClInclude Include="OpticalDetector.h">
      <Filter>Source files\Detectors</Filter>
    </ClInclude>
    <ClInclude Include="BlockManager.h">
      <Filter>Source files\BlockDetection</Filter>
    </ClInclude>
    <ClInclude Include="BlockHelper.h">
      <Filter>Source files\BlockDetection</Filter>
    </ClInclude>
  </ItemGroup>
</Project>