<?xml version="1.0" encoding="utf-8"?>
<Project ToolsVersion="4.0" xmlns="http://schemas.microsoft.com/developer/msbuild/2003">
  <ItemGroup>
    <Filter Include="Source files">
      <UniqueIdentifier>{a5282810-253f-4d13-bb4a-7e7810101bd4}</UniqueIdentifier>
      <Extensions>cpp;c;cc;cxx;def;odl;idl;hpj;bat;asm;asmx</Extensions>
    </Filter>
    <Filter Include="Header files">
      <UniqueIdentifier>{fa6f9e3c-9536-44bc-81d5-2ee0a4e83e65}</UniqueIdentifier>
      <Extensions>h;hpp;hxx;hm;inl;inc;xsd</Extensions>
    </Filter>
    <Filter Include="Resource files">
      <UniqueIdentifier>{15ebfe8d-1491-489a-bb4e-194453cead48}</UniqueIdentifier>
      <Extensions>rc;ico;cur;bmp;dlg;rc2;rct;bin;rgs;gif;jpg;jpeg;jpe;resx;tiff;tif;png;wav</Extensions>
    </Filter>
    <Filter Include="Make files">
      <UniqueIdentifier>{3c6f6e42-d176-49f0-afa8-e40663000149}</UniqueIdentifier>
      <Extensions>*.mak</Extensions>
    </Filter>
    <Filter Include="DatabaseAppender">
      <UniqueIdentifier>{27a99db7-6d1c-43ef-9ce4-525192eb0a7d}</UniqueIdentifier>
    </Filter>
    <Filter Include="Utilities">
      <UniqueIdentifier>{bbbd1317-34b9-4771-b652-0573f9dff9ec}</UniqueIdentifier>
    </Filter>
  </ItemGroup>
  <ItemGroup>
    <ClInclude Include="DatabaseAppender.h">
      <Filter>DatabaseAppender</Filter>
    </ClInclude>
    <ClInclude Include="DatabaseUtilities.h">
      <Filter>Utilities</Filter>
    </ClInclude>
  </ItemGroup>
  <ItemGroup>
    <None Include="Makefile" />
    <None Include="debug.mak">
      <Filter>Make files</Filter>
    </None>
    <None Include="release.mak">
      <Filter>Make files</Filter>
    </None>
  </ItemGroup>
  <ItemGroup>
    <ClCompile Include="DatabaseAppender.cpp">
      <Filter>DatabaseAppender</Filter>
    </ClCompile>
    <ClCompile Include="DatabaseUtilities.cpp">
      <Filter>Utilities</Filter>
    </ClCompile>
  </ItemGroup>
  <ItemGroup>
    <Library Include="..\3rdParty\mysqlconnector\libmysqlcppconn.so" />
  </ItemGroup>
</Project>